
Microsoft Visual Studio Solution File, Format Version 12.00
# Visual Studio Version 17
VisualStudioVersion = 17.14.36408.4 d17.14
MinimumVisualStudioVersion = 10.0.40219.1
Project("{FAE04EC0-301F-11D3-BF4B-00C04F79EFBC}") = "Tic-Tac-Toe_Game", "Tic-Tac-Toe_Game.csproj", "{61293302-8FCA-418C-A435-68161E09FF00}"
EndProject
Global
	GlobalSection(SolutionConfigurationPlatforms) = preSolution
		Debug|Any CPU = Debug|Any CPU
		Release|Any CPU = Release|Any CPU
	EndGlobalSection
	GlobalSection(ProjectConfigurationPlatforms) = postSolution
		{61293302-8FCA-418C-A435-68161E09FF00}.Debug|Any CPU.ActiveCfg = Debug|Any CPU
		{61293302-8FCA-418C-A435-68161E09FF00}.Debug|Any CPU.Build.0 = Debug|Any CPU
		{61293302-8FCA-418C-A435-68161E09FF00}.Release|Any CPU.ActiveCfg = Release|Any CPU
		{61293302-8FCA-418C-A435-68161E09FF00}.Release|Any CPU.Build.0 = Release|Any CPU
	EndGlobalSection
	GlobalSection(SolutionProperties) = preSolution
		HideSolutionNode = FALSE
	EndGlobalSection
	GlobalSection(ExtensibilityGlobals) = postSolution
		SolutionGuid = {2BE3991D-F408-4780-A595-EF8D729031BC}
	EndGlobalSection
EndGlobal
